// !$*UTF8*$!
{
	archiveVersion = 1;
	classes = {
	};
	objectVersion = 50;
	objects = {

/* Begin PBXBuildFile section */
		CECDF2A92119EB30009F55B4 /* AppDelegate.swift in Sources */ = {isa = PBXBuildFile; fileRef = CECDF2A82119EB30009F55B4 /* AppDelegate.swift */; };
		CECDF2AB2119EB30009F55B4 /* ViewController.swift in Sources */ = {isa = PBXBuildFile; fileRef = CECDF2AA2119EB30009F55B4 /* ViewController.swift */; };
		CECDF2AE2119EB30009F55B4 /* You_re_better_than_you_think.xcdatamodeld in Sources */ = {isa = PBXBuildFile; fileRef = CECDF2AC2119EB30009F55B4 /* You_re_better_than_you_think.xcdatamodeld */; };
		CECDF2B02119EB32009F55B4 /* Assets.xcassets in Resources */ = {isa = PBXBuildFile; fileRef = CECDF2AF2119EB32009F55B4 /* Assets.xcassets */; };
		CECDF2B32119EB32009F55B4 /* Main.storyboard in Resources */ = {isa = PBXBuildFile; fileRef = CECDF2B12119EB32009F55B4 /* Main.storyboard */; };
		CECDF2BF2119EB33009F55B4 /* You_re_better_than_you_thinkTests.swift in Sources */ = {isa = PBXBuildFile; fileRef = CECDF2BE2119EB33009F55B4 /* You_re_better_than_you_thinkTests.swift */; };
		CECDF2CA2119EB33009F55B4 /* You_re_better_than_you_thinkUITests.swift in Sources */ = {isa = PBXBuildFile; fileRef = CECDF2C92119EB33009F55B4 /* You_re_better_than_you_thinkUITests.swift */; };
/* End PBXBuildFile section */

/* Begin PBXContainerItemProxy section */
		CECDF2BB2119EB33009F55B4 /* PBXContainerItemProxy */ = {
			isa = PBXContainerItemProxy;
			containerPortal = CECDF29D2119EB30009F55B4 /* Project object */;
			proxyType = 1;
			remoteGlobalIDString = CECDF2A42119EB30009F55B4;
			remoteInfo = "You're better than you think";
		};
		CECDF2C62119EB33009F55B4 /* PBXContainerItemProxy */ = {
			isa = PBXContainerItemProxy;
			containerPortal = CECDF29D2119EB30009F55B4 /* Project object */;
			proxyType = 1;
			remoteGlobalIDString = CECDF2A42119EB30009F55B4;
			remoteInfo = "You're better than you think";
		};
/* End PBXContainerItemProxy section */

/* Begin PBXFileReference section */
		CECDF2A52119EB30009F55B4 /* You're better than you think.app */ = {isa = PBXFileReference; explicitFileType = wrapper.application; includeInIndex = 0; path = "You're better than you think.app"; sourceTree = BUILT_PRODUCTS_DIR; };
		CECDF2A82119EB30009F55B4 /* AppDelegate.swift */ = {isa = PBXFileReference; lastKnownFileType = sourcecode.swift; path = AppDelegate.swift; sourceTree = "<group>"; };
		CECDF2AA2119EB30009F55B4 /* ViewController.swift */ = {isa = PBXFileReference; lastKnownFileType = sourcecode.swift; path = ViewController.swift; sourceTree = "<group>"; };
		CECDF2AD2119EB30009F55B4 /* You_re_better_than_you_think.xcdatamodel */ = {isa = PBXFileReference; lastKnownFileType = wrapper.xcdatamodel; path = You_re_better_than_you_think.xcdatamodel; sourceTree = "<group>"; };
		CECDF2AF2119EB32009F55B4 /* Assets.xcassets */ = {isa = PBXFileReference; lastKnownFileType = folder.assetcatalog; path = Assets.xcassets; sourceTree = "<group>"; };
		CECDF2B22119EB32009F55B4 /* Base */ = {isa = PBXFileReference; lastKnownFileType = file.storyboard; name = Base; path = Base.lproj/Main.storyboard; sourceTree = "<group>"; };
		CECDF2B42119EB32009F55B4 /* Info.plist */ = {isa = PBXFileReference; lastKnownFileType = text.plist.xml; path = Info.plist; sourceTree = "<group>"; };
		CECDF2B52119EB32009F55B4 /* You_re_better_than_you_think.entitlements */ = {isa = PBXFileReference; lastKnownFileType = text.plist.entitlements; path = You_re_better_than_you_think.entitlements; sourceTree = "<group>"; };
		CECDF2BA2119EB33009F55B4 /* You're better than you thinkTests.xctest */ = {isa = PBXFileReference; explicitFileType = wrapper.cfbundle; includeInIndex = 0; path = "You're better than you thinkTests.xctest"; sourceTree = BUILT_PRODUCTS_DIR; };
		CECDF2BE2119EB33009F55B4 /* You_re_better_than_you_thinkTests.swift */ = {isa = PBXFileReference; lastKnownFileType = sourcecode.swift; path = You_re_better_than_you_thinkTests.swift; sourceTree = "<group>"; };
		CECDF2C02119EB33009F55B4 /* Info.plist */ = {isa = PBXFileReference; lastKnownFileType = text.plist.xml; path = Info.plist; sourceTree = "<group>"; };
		CECDF2C52119EB33009F55B4 /* You're better than you thinkUITests.xctest */ = {isa = PBXFileReference; explicitFileType = wrapper.cfbundle; includeInIndex = 0; path = "You're better than you thinkUITests.xctest"; sourceTree = BUILT_PRODUCTS_DIR; };
		CECDF2C92119EB33009F55B4 /* You_re_better_than_you_thinkUITests.swift */ = {isa = PBXFileReference; lastKnownFileType = sourcecode.swift; path = You_re_better_than_you_thinkUITests.swift; sourceTree = "<group>"; };
		CECDF2CB2119EB33009F55B4 /* Info.plist */ = {isa = PBXFileReference; lastKnownFileType = text.plist.xml; path = Info.plist; sourceTree = "<group>"; };
/* End PBXFileReference section */

/* Begin PBXFrameworksBuildPhase section */
		CECDF2A22119EB30009F55B4 /* Frameworks */ = {
			isa = PBXFrameworksBuildPhase;
			buildActionMask = 2147483647;
			files = (
			);
			runOnlyForDeploymentPostprocessing = 0;
		};
		CECDF2B72119EB33009F55B4 /* Frameworks */ = {
			isa = PBXFrameworksBuildPhase;
			buildActionMask = 2147483647;
			files = (
			);
			runOnlyForDeploymentPostprocessing = 0;
		};
		CECDF2C22119EB33009F55B4 /* Frameworks */ = {
			isa = PBXFrameworksBuildPhase;
			buildActionMask = 2147483647;
			files = (
			);
			runOnlyForDeploymentPostprocessing = 0;
		};
/* End PBXFrameworksBuildPhase section */

/* Begin PBXGroup section */
		CECDF29C2119EB30009F55B4 = {
			isa = PBXGroup;
			children = (
				CECDF2A72119EB30009F55B4 /* You're better than you think */,
				CECDF2BD2119EB33009F55B4 /* You're better than you thinkTests */,
				CECDF2C82119EB33009F55B4 /* You're better than you thinkUITests */,
				CECDF2A62119EB30009F55B4 /* Products */,
			);
			sourceTree = "<group>";
		};
		CECDF2A62119EB30009F55B4 /* Products */ = {
			isa = PBXGroup;
			children = (
				CECDF2A52119EB30009F55B4 /* You're better than you think.app */,
				CECDF2BA2119EB33009F55B4 /* You're better than you thinkTests.xctest */,
				CECDF2C52119EB33009F55B4 /* You're better than you thinkUITests.xctest */,
			);
			name = Products;
			sourceTree = "<group>";
		};
		CECDF2A72119EB30009F55B4 /* You're better than you think */ = {
			isa = PBXGroup;
			children = (
				CECDF2A82119EB30009F55B4 /* AppDelegate.swift */,
				CECDF2AA2119EB30009F55B4 /* ViewController.swift */,
				CECDF2AF2119EB32009F55B4 /* Assets.xcassets */,
				CECDF2B12119EB32009F55B4 /* Main.storyboard */,
				CECDF2B42119EB32009F55B4 /* Info.plist */,
				CECDF2B52119EB32009F55B4 /* You_re_better_than_you_think.entitlements */,
				CECDF2AC2119EB30009F55B4 /* You_re_better_than_you_think.xcdatamodeld */,
			);
			path = "You're better than you think";
			sourceTree = "<group>";
		};
		CECDF2BD2119EB33009F55B4 /* You're better than you thinkTests */ = {
			isa = PBXGroup;
			children = (
				CECDF2BE2119EB33009F55B4 /* You_re_better_than_you_thinkTests.swift */,
				CECDF2C02119EB33009F55B4 /* Info.plist */,
			);
			path = "You're better than you thinkTests";
			sourceTree = "<group>";
		};
		CECDF2C82119EB33009F55B4 /* You're better than you thinkUITests */ = {
			isa = PBXGroup;
			children = (
				CECDF2C92119EB33009F55B4 /* You_re_better_than_you_thinkUITests.swift */,
				CECDF2CB2119EB33009F55B4 /* Info.plist */,
			);
			path = "You're better than you thinkUITests";
			sourceTree = "<group>";
		};
/* End PBXGroup section */

/* Begin PBXNativeTarget section */
		CECDF2A42119EB30009F55B4 /* You're better than you think */ = {
			isa = PBXNativeTarget;
			buildConfigurationList = CECDF2CE2119EB33009F55B4 /* Build configuration list for PBXNativeTarget "You're better than you think" */;
			buildPhases = (
				CECDF2A12119EB30009F55B4 /* Sources */,
				CECDF2A22119EB30009F55B4 /* Frameworks */,
				CECDF2A32119EB30009F55B4 /* Resources */,
			);
			buildRules = (
			);
			dependencies = (
			);
			name = "You're better than you think";
			productName = "You're better than you think";
			productReference = CECDF2A52119EB30009F55B4 /* You're better than you think.app */;
			productType = "com.apple.product-type.application";
		};
		CECDF2B92119EB33009F55B4 /* You're better than you thinkTests */ = {
			isa = PBXNativeTarget;
			buildConfigurationList = CECDF2D12119EB33009F55B4 /* Build configuration list for PBXNativeTarget "You're better than you thinkTests" */;
			buildPhases = (
				CECDF2B62119EB33009F55B4 /* Sources */,
				CECDF2B72119EB33009F55B4 /* Frameworks */,
				CECDF2B82119EB33009F55B4 /* Resources */,
			);
			buildRules = (
			);
			dependencies = (
				CECDF2BC2119EB33009F55B4 /* PBXTargetDependency */,
			);
			name = "You're better than you thinkTests";
			productName = "You're better than you thinkTests";
			productReference = CECDF2BA2119EB33009F55B4 /* You're better than you thinkTests.xctest */;
			productType = "com.apple.product-type.bundle.unit-test";
		};
		CECDF2C42119EB33009F55B4 /* You're better than you thinkUITests */ = {
			isa = PBXNativeTarget;
			buildConfigurationList = CECDF2D42119EB33009F55B4 /* Build configuration list for PBXNativeTarget "You're better than you thinkUITests" */;
			buildPhases = (
				CECDF2C12119EB33009F55B4 /* Sources */,
				CECDF2C22119EB33009F55B4 /* Frameworks */,
				CECDF2C32119EB33009F55B4 /* Resources */,
			);
			buildRules = (
			);
			dependencies = (
				CECDF2C72119EB33009F55B4 /* PBXTargetDependency */,
			);
			name = "You're better than you thinkUITests";
			productName = "You're better than you thinkUITests";
			productReference = CECDF2C52119EB33009F55B4 /* You're better than you thinkUITests.xctest */;
			productType = "com.apple.product-type.bundle.ui-testing";
		};
/* End PBXNativeTarget section */

/* Begin PBXProject section */
		CECDF29D2119EB30009F55B4 /* Project object */ = {
			isa = PBXProject;
			attributes = {
				LastSwiftUpdateCheck = 0930;
				LastUpgradeCheck = 0930;
				ORGANIZATIONNAME = "Dmitry Chaban";
				TargetAttributes = {
					CECDF2A42119EB30009F55B4 = {
						CreatedOnToolsVersion = 9.3.1;
					};
					CECDF2B92119EB33009F55B4 = {
						CreatedOnToolsVersion = 9.3.1;
						TestTargetID = CECDF2A42119EB30009F55B4;
					};
					CECDF2C42119EB33009F55B4 = {
						CreatedOnToolsVersion = 9.3.1;
						TestTargetID = CECDF2A42119EB30009F55B4;
					};
				};
			};
			buildConfigurationList = CECDF2A02119EB30009F55B4 /* Build configuration list for PBXProject "You're better than you think" */;
			compatibilityVersion = "Xcode 9.3";
			developmentRegion = en;
			hasScannedForEncodings = 0;
			knownRegions = (
				en,
				Base,
			);
			mainGroup = CECDF29C2119EB30009F55B4;
			productRefGroup = CECDF2A62119EB30009F55B4 /* Products */;
			projectDirPath = "";
			projectRoot = "";
			targets = (
				CECDF2A42119EB30009F55B4 /* You're better than you think */,
				CECDF2B92119EB33009F55B4 /* You're better than you thinkTests */,
				CECDF2C42119EB33009F55B4 /* You're better than you thinkUITests */,
			);
		};
/* End PBXProject section */

/* Begin PBXResourcesBuildPhase section */
		CECDF2A32119EB30009F55B4 /* Resources */ = {
			isa = PBXResourcesBuildPhase;
			buildActionMask = 2147483647;
			files = (
				CECDF2B02119EB32009F55B4 /* Assets.xcassets in Resources */,
				CECDF2B32119EB32009F55B4 /* Main.storyboard in Resources */,
			);
			runOnlyForDeploymentPostprocessing = 0;
		};
		CECDF2B82119EB33009F55B4 /* Resources */ = {
			isa = PBXResourcesBuildPhase;
			buildActionMask = 2147483647;
			files = (
			);
			runOnlyForDeploymentPostprocessing = 0;
		};
		CECDF2C32119EB33009F55B4 /* Resources */ = {
			isa = PBXResourcesBuildPhase;
			buildActionMask = 2147483647;
			files = (
			);
			runOnlyForDeploymentPostprocessing = 0;
		};
/* End PBXResourcesBuildPhase section */

/* Begin PBXSourcesBuildPhase section */
		CECDF2A12119EB30009F55B4 /* Sources */ = {
			isa = PBXSourcesBuildPhase;
			buildActionMask = 2147483647;
			files = (
				CECDF2AE2119EB30009F55B4 /* You_re_better_than_you_think.xcdatamodeld in Sources */,
				CECDF2AB2119EB30009F55B4 /* ViewController.swift in Sources */,
				CECDF2A92119EB30009F55B4 /* AppDelegate.swift in Sources */,
			);
			runOnlyForDeploymentPostprocessing = 0;
		};
		CECDF2B62119EB33009F55B4 /* Sources */ = {
			isa = PBXSourcesBuildPhase;
			buildActionMask = 2147483647;
			files = (
				CECDF2BF2119EB33009F55B4 /* You_re_better_than_you_thinkTests.swift in Sources */,
			);
			runOnlyForDeploymentPostprocessing = 0;
		};
		CECDF2C12119EB33009F55B4 /* Sources */ = {
			isa = PBXSourcesBuildPhase;
			buildActionMask = 2147483647;
			files = (
				CECDF2CA2119EB33009F55B4 /* You_re_better_than_you_thinkUITests.swift in Sources */,
			);
			runOnlyForDeploymentPostprocessing = 0;
		};
/* End PBXSourcesBuildPhase section */

/* Begin PBXTargetDependency section */
		CECDF2BC2119EB33009F55B4 /* PBXTargetDependency */ = {
			isa = PBXTargetDependency;
			target = CECDF2A42119EB30009F55B4 /* You're better than you think */;
			targetProxy = CECDF2BB2119EB33009F55B4 /* PBXContainerItemProxy */;
		};
		CECDF2C72119EB33009F55B4 /* PBXTargetDependency */ = {
			isa = PBXTargetDependency;
			target = CECDF2A42119EB30009F55B4 /* You're better than you think */;
			targetProxy = CECDF2C62119EB33009F55B4 /* PBXContainerItemProxy */;
		};
/* End PBXTargetDependency section */

/* Begin PBXVariantGroup section */
		CECDF2B12119EB32009F55B4 /* Main.storyboard */ = {
			isa = PBXVariantGroup;
			children = (
				CECDF2B22119EB32009F55B4 /* Base */,
			);
			name = Main.storyboard;
			sourceTree = "<group>";
		};
/* End PBXVariantGroup section */

/* Begin XCBuildConfiguration section */
		CECDF2CC2119EB33009F55B4 /* Debug */ = {
			isa = XCBuildConfiguration;
			buildSettings = {
				ALWAYS_SEARCH_USER_PATHS = NO;
				CLANG_ANALYZER_NONNULL = YES;
				CLANG_ANALYZER_NUMBER_OBJECT_CONVERSION = YES_AGGRESSIVE;
				CLANG_CXX_LANGUAGE_STANDARD = "gnu++14";
				CLANG_CXX_LIBRARY = "libc++";
				CLANG_ENABLE_MODULES = YES;
				CLANG_ENABLE_OBJC_ARC = YES;
				CLANG_ENABLE_OBJC_WEAK = YES;
				CLANG_WARN_BLOCK_CAPTURE_AUTORELEASING = YES;
				CLANG_WARN_BOOL_CONVERSION = YES;
				CLANG_WARN_COMMA = YES;
				CLANG_WARN_CONSTANT_CONVERSION = YES;
				CLANG_WARN_DEPRECATED_OBJC_IMPLEMENTATIONS = YES;
				CLANG_WARN_DIRECT_OBJC_ISA_USAGE = YES_ERROR;
				CLANG_WARN_DOCUMENTATION_COMMENTS = YES;
				CLANG_WARN_EMPTY_BODY = YES;
				CLANG_WARN_ENUM_CONVERSION = YES;
				CLANG_WARN_INFINITE_RECURSION = YES;
				CLANG_WARN_INT_CONVERSION = YES;
				CLANG_WARN_NON_LITERAL_NULL_CONVERSION = YES;
				CLANG_WARN_OBJC_IMPLICIT_RETAIN_SELF = YES;
				CLANG_WARN_OBJC_LITERAL_CONVERSION = YES;
				CLANG_WARN_OBJC_ROOT_CLASS = YES_ERROR;
				CLANG_WARN_RANGE_LOOP_ANALYSIS = YES;
				CLANG_WARN_STRICT_PROTOTYPES = YES;
				CLANG_WARN_SUSPICIOUS_MOVE = YES;
				CLANG_WARN_UNGUARDED_AVAILABILITY = YES_AGGRESSIVE;
				CLANG_WARN_UNREACHABLE_CODE = YES;
				CLANG_WARN__DUPLICATE_METHOD_MATCH = YES;
				CODE_SIGN_IDENTITY = "Mac Developer";
				COPY_PHASE_STRIP = NO;
				DEBUG_INFORMATION_FORMAT = dwarf;
				ENABLE_STRICT_OBJC_MSGSEND = YES;
				ENABLE_TESTABILITY = YES;
				GCC_C_LANGUAGE_STANDARD = gnu11;
				GCC_DYNAMIC_NO_PIC = NO;
				GCC_NO_COMMON_BLOCKS = YES;
				GCC_OPTIMIZATION_LEVEL = 0;
				GCC_PREPROCESSOR_DEFINITIONS = (
					"DEBUG=1",
					"$(inherited)",
				);
				GCC_WARN_64_TO_32_BIT_CONVERSION = YES;
				GCC_WARN_ABOUT_RETURN_TYPE = YES_ERROR;
				GCC_WARN_UNDECLARED_SELECTOR = YES;
				GCC_WARN_UNINITIALIZED_AUTOS = YES_AGGRESSIVE;
				GCC_WARN_UNUSED_FUNCTION = YES;
				GCC_WARN_UNUSED_VARIABLE = YES;
				MACOSX_DEPLOYMENT_TARGET = 10.13;
				MTL_ENABLE_DEBUG_INFO = YES;
				ONLY_ACTIVE_ARCH = YES;
				SDKROOT = macosx;
				SWIFT_ACTIVE_COMPILATION_CONDITIONS = DEBUG;
				SWIFT_OPTIMIZATION_LEVEL = "-Onone";
			};
			name = Debug;
		};
		CECDF2CD2119EB33009F55B4 /* Release */ = {
			isa = XCBuildConfiguration;
			buildSettings = {
				ALWAYS_SEARCH_USER_PATHS = NO;
				CLANG_ANALYZER_NONNULL = YES;
				CLANG_ANALYZER_NUMBER_OBJECT_CONVERSION = YES_AGGRESSIVE;
				CLANG_CXX_LANGUAGE_STANDARD = "gnu++14";
				CLANG_CXX_LIBRARY = "libc++";
				CLANG_ENABLE_MODULES = YES;
				CLANG_ENABLE_OBJC_ARC = YES;
				CLANG_ENABLE_OBJC_WEAK = YES;
				CLANG_WARN_BLOCK_CAPTURE_AUTORELEASING = YES;
				CLANG_WARN_BOOL_CONVERSION = YES;
				CLANG_WARN_COMMA = YES;
				CLANG_WARN_CONSTANT_CONVERSION = YES;
				CLANG_WARN_DEPRECATED_OBJC_IMPLEMENTATIONS = YES;
				CLANG_WARN_DIRECT_OBJC_ISA_USAGE = YES_ERROR;
				CLANG_WARN_DOCUMENTATION_COMMENTS = YES;
				CLANG_WARN_EMPTY_BODY = YES;
				CLANG_WARN_ENUM_CONVERSION = YES;
				CLANG_WARN_INFINITE_RECURSION = YES;
				CLANG_WARN_INT_CONVERSION = YES;
				CLANG_WARN_NON_LITERAL_NULL_CONVERSION = YES;
				CLANG_WARN_OBJC_IMPLICIT_RETAIN_SELF = YES;
				CLANG_WARN_OBJC_LITERAL_CONVERSION = YES;
				CLANG_WARN_OBJC_ROOT_CLASS = YES_ERROR;
				CLANG_WARN_RANGE_LOOP_ANALYSIS = YES;
				CLANG_WARN_STRICT_PROTOTYPES = YES;
				CLANG_WARN_SUSPICIOUS_MOVE = YES;
				CLANG_WARN_UNGUARDED_AVAILABILITY = YES_AGGRESSIVE;
				CLANG_WARN_UNREACHABLE_CODE = YES;
				CLANG_WARN__DUPLICATE_METHOD_MATCH = YES;
				CODE_SIGN_IDENTITY = "Mac Developer";
				COPY_PHASE_STRIP = NO;
				DEBUG_INFORMATION_FORMAT = "dwarf-with-dsym";
				ENABLE_NS_ASSERTIONS = NO;
				ENABLE_STRICT_OBJC_MSGSEND = YES;
				GCC_C_LANGUAGE_STANDARD = gnu11;
				GCC_NO_COMMON_BLOCKS = YES;
				GCC_WARN_64_TO_32_BIT_CONVERSION = YES;
				GCC_WARN_ABOUT_RETURN_TYPE = YES_ERROR;
				GCC_WARN_UNDECLARED_SELECTOR = YES;
				GCC_WARN_UNINITIALIZED_AUTOS = YES_AGGRESSIVE;
				GCC_WARN_UNUSED_FUNCTION = YES;
				GCC_WARN_UNUSED_VARIABLE = YES;
				MACOSX_DEPLOYMENT_TARGET = 10.13;
				MTL_ENABLE_DEBUG_INFO = NO;
				SDKROOT = macosx;
				SWIFT_COMPILATION_MODE = wholemodule;
				SWIFT_OPTIMIZATION_LEVEL = "-O";
			};
			name = Release;
		};
		CECDF2CF2119EB33009F55B4 /* Debug */ = {
			isa = XCBuildConfiguration;
			buildSettings = {
				ASSETCATALOG_COMPILER_APPICON_NAME = AppIcon;
				CODE_SIGN_ENTITLEMENTS = "You're better than you think/You_re_better_than_you_think.entitlements";
				CODE_SIGN_STYLE = Automatic;
				COMBINE_HIDPI_IMAGES = YES;
				DEVELOPMENT_TEAM = 82J4AE5QN9;
				INFOPLIST_FILE = "You're better than you think/Info.plist";
				LD_RUNPATH_SEARCH_PATHS = (
					"$(inherited)",
					"@executable_path/../Frameworks",
				);
				PRODUCT_BUNDLE_IDENTIFIER = "de.dmi3y.You-re-better-than-you-think";
				PRODUCT_NAME = "$(TARGET_NAME)";
				SWIFT_VERSION = 4.0;
			};
			name = Debug;
		};
		CECDF2D02119EB33009F55B4 /* Release */ = {
			isa = XCBuildConfiguration;
			buildSettings = {
				ASSETCATALOG_COMPILER_APPICON_NAME = AppIcon;
				CODE_SIGN_ENTITLEMENTS = "You're better than you think/You_re_better_than_you_think.entitlements";
				CODE_SIGN_STYLE = Automatic;
				COMBINE_HIDPI_IMAGES = YES;
				DEVELOPMENT_TEAM = 82J4AE5QN9;
				INFOPLIST_FILE = "You're better than you think/Info.plist";
				LD_RUNPATH_SEARCH_PATHS = (
					"$(inherited)",
					"@executable_path/../Frameworks",
				);
				PRODUCT_BUNDLE_IDENTIFIER = "de.dmi3y.You-re-better-than-you-think";
				PRODUCT_NAME = "$(TARGET_NAME)";
				SWIFT_VERSION = 4.0;
			};
			name = Release;
		};
		CECDF2D22119EB33009F55B4 /* Debug */ = {
			isa = XCBuildConfiguration;
			buildSettings = {
				ALWAYS_EMBED_SWIFT_STANDARD_LIBRARIES = YES;
				BUNDLE_LOADER = "$(TEST_HOST)";
				CODE_SIGN_STYLE = Automatic;
				COMBINE_HIDPI_IMAGES = YES;
				DEVELOPMENT_TEAM = 82J4AE5QN9;
				INFOPLIST_FILE = "You're better than you thinkTests/Info.plist";
				LD_RUNPATH_SEARCH_PATHS = (
					"$(inherited)",
					"@executable_path/../Frameworks",
					"@loader_path/../Frameworks",
				);
				PRODUCT_BUNDLE_IDENTIFIER = "de.dmi3y.You-re-better-than-you-thinkTests";
				PRODUCT_NAME = "$(TARGET_NAME)";
				SWIFT_VERSION = 4.0;
				TEST_HOST = "$(BUILT_PRODUCTS_DIR)/You're better than you think.app/Contents/MacOS/You're better than you think";
			};
			name = Debug;
		};
		CECDF2D32119EB33009F55B4 /* Release */ = {
			isa = XCBuildConfiguration;
			buildSettings = {
				ALWAYS_EMBED_SWIFT_STANDARD_LIBRARIES = YES;
				BUNDLE_LOADER = "$(TEST_HOST)";
				CODE_SIGN_STYLE = Automatic;
				COMBINE_HIDPI_IMAGES = YES;
				DEVELOPMENT_TEAM = 82J4AE5QN9;
				INFOPLIST_FILE = "You're better than you thinkTests/Info.plist";
				LD_RUNPATH_SEARCH_PATHS = (
					"$(inherited)",
					"@executable_path/../Frameworks",
					"@loader_path/../Frameworks",
				);
				PRODUCT_BUNDLE_IDENTIFIER = "de.dmi3y.You-re-better-than-you-thinkTests";
				PRODUCT_NAME = "$(TARGET_NAME)";
				SWIFT_VERSION = 4.0;
				TEST_HOST = "$(BUILT_PRODUCTS_DIR)/You're better than you think.app/Contents/MacOS/You're better than you think";
			};
			name = Release;
		};
		CECDF2D52119EB33009F55B4 /* Debug */ = {
			isa = XCBuildConfiguration;
			buildSettings = {
				ALWAYS_EMBED_SWIFT_STANDARD_LIBRARIES = YES;
				CODE_SIGN_STYLE = Automatic;
				COMBINE_HIDPI_IMAGES = YES;
				DEVELOPMENT_TEAM = 82J4AE5QN9;
				INFOPLIST_FILE = "You're better than you thinkUITests/Info.plist";
				LD_RUNPATH_SEARCH_PATHS = (
					"$(inherited)",
					"@executable_path/../Frameworks",
					"@loader_path/../Frameworks",
				);
				PRODUCT_BUNDLE_IDENTIFIER = "de.dmi3y.You-re-better-than-you-thinkUITests";
				PRODUCT_NAME = "$(TARGET_NAME)";
				SWIFT_VERSION = 4.0;
				TEST_TARGET_NAME = "You're better than you think";
			};
			name = Debug;
		};
		CECDF2D62119EB33009F55B4 /* Release */ = {
			isa = XCBuildConfiguration;
			buildSettings = {
				ALWAYS_EMBED_SWIFT_STANDARD_LIBRARIES = YES;
				CODE_SIGN_STYLE = Automatic;
				COMBINE_HIDPI_IMAGES = YES;
				DEVELOPMENT_TEAM = 82J4AE5QN9;
				INFOPLIST_FILE = "You're better than you thinkUITests/Info.plist";
				LD_RUNPATH_SEARCH_PATHS = (
					"$(inherited)",
					"@executable_path/../Frameworks",
					"@loader_path/../Frameworks",
				);
				PRODUCT_BUNDLE_IDENTIFIER = "de.dmi3y.You-re-better-than-you-thinkUITests";
				PRODUCT_NAME = "$(TARGET_NAME)";
				SWIFT_VERSION = 4.0;
				TEST_TARGET_NAME = "You're better than you think";
			};
			name = Release;
		};
/* End XCBuildConfiguration section */

/* Begin XCConfigurationList section */
		CECDF2A02119EB30009F55B4 /* Build configuration list for PBXProject "You're better than you think" */ = {
			isa = XCConfigurationList;
			buildConfigurations = (
				CECDF2CC2119EB33009F55B4 /* Debug */,
				CECDF2CD2119EB33009F55B4 /* Release */,
			);
			defaultConfigurationIsVisible = 0;
			defaultConfigurationName = Release;
		};
		CECDF2CE2119EB33009F55B4 /* Build configuration list for PBXNativeTarget "You're better than you think" */ = {
			isa = XCConfigurationList;
			buildConfigurations = (
				CECDF2CF2119EB33009F55B4 /* Debug */,
				CECDF2D02119EB33009F55B4 /* Release */,
			);
			defaultConfigurationIsVisible = 0;
			defaultConfigurationName = Release;
		};
		CECDF2D12119EB33009F55B4 /* Build configuration list for PBXNativeTarget "You're better than you thinkTests" */ = {
			isa = XCConfigurationList;
			buildConfigurations = (
				CECDF2D22119EB33009F55B4 /* Debug */,
				CECDF2D32119EB33009F55B4 /* Release */,
			);
			defaultConfigurationIsVisible = 0;
			defaultConfigurationName = Release;
		};
		CECDF2D42119EB33009F55B4 /* Build configuration list for PBXNativeTarget "You're better than you thinkUITests" */ = {
			isa = XCConfigurationList;
			buildConfigurations = (
				CECDF2D52119EB33009F55B4 /* Debug */,
				CECDF2D62119EB33009F55B4 /* Release */,
			);
			defaultConfigurationIsVisible = 0;
			defaultConfigurationName = Release;
		};
/* End XCConfigurationList section */

/* Begin XCVersionGroup section */
		CECDF2AC2119EB30009F55B4 /* You_re_better_than_you_think.xcdatamodeld */ = {
			isa = XCVersionGroup;
			children = (
				CECDF2AD2119EB30009F55B4 /* You_re_better_than_you_think.xcdatamodel */,
			);
			currentVersion = CECDF2AD2119EB30009F55B4 /* You_re_better_than_you_think.xcdatamodel */;
			path = You_re_better_than_you_think.xcdatamodeld;
			sourceTree = "<group>";
			versionGroupType = wrapper.xcdatamodel;
		};
/* End XCVersionGroup section */
	};
	rootObject = CECDF29D2119EB30009F55B4 /* Project object */;
}
